Microsoft Visual Studio Solution File, Format Version 12.00
# Visual Studio 15
VisualStudioVersion = 15.0.27004.2002
MinimumVisualStudioVersion = 15.0.26124.0
Project("{9A19103F-16F7-4668-BE54-9A1E7A4F7556}") = "SystemDiagnostic.Diagnostic.Client", "SystemDiagnostic.Diagnostic.Client\SystemDiagnostic.Diagnostic.Client.csproj", "{34A7C1E4-749B-4F67-AC92-2519D730E189}"
EndProject
Project("{9A19103F-16F7-4668-BE54-9A1E7A4F7556}") = "SystemDiagnostic.Diagnostic.TCPProtocol", "SystemDiagnostic.Diagnostic.TCPProtocol\SystemDiagnostic.Diagnostic.TCPProtocol.csproj", "{0DFEF13A-938C-4F71-A3A7-D155E95FE685}"
EndProject
Project("{FAE04EC0-301F-11D3-BF4B-00C04F79EFBC}") = "SystemDiagnostic.Diagnostic.DTO", "SystemDiagnostic.Diagnostic.TransferModel\SystemDiagnostic.Diagnostic.DTO.csproj", "{5C24DECF-9EDA-4662-9DF2-BD79267CF57D}"
EndProject
Global
	GlobalSection(SolutionConfigurationPlatforms) = preSolution
		Debug|Any CPU = Debug|Any CPU
		Debug|x64 = Debug|x64
		Debug|x86 = Debug|x86
		Release|Any CPU = Release|Any CPU
		Release|x64 = Release|x64
		Release|x86 = Release|x86
	EndGlobalSection
	GlobalSection(ProjectConfigurationPlatforms) = postSolution
		{34A7C1E4-749B-4F67-AC92-2519D730E189}.Debug|Any CPU.ActiveCfg = Debug|Any CPU
		{34A7C1E4-749B-4F67-AC92-2519D730E189}.Debug|Any CPU.Build.0 = Debug|Any CPU
		{34A7C1E4-749B-4F67-AC92-2519D730E189}.Debug|x64.ActiveCfg = Debug|Any CPU
		{34A7C1E4-749B-4F67-AC92-2519D730E189}.Debug|x64.Build.0 = Debug|Any CPU
		{34A7C1E4-749B-4F67-AC92-2519D730E189}.Debug|x86.ActiveCfg = Debug|Any CPU
		{34A7C1E4-749B-4F67-AC92-2519D730E189}.Debug|x86.Build.0 = Debug|Any CPU
		{34A7C1E4-749B-4F67-AC92-2519D730E189}.Release|Any CPU.ActiveCfg = Release|Any CPU
		{34A7C1E4-749B-4F67-AC92-2519D730E189}.Release|Any CPU.Build.0 = Release|Any CPU
		{34A7C1E4-749B-4F67-AC92-2519D730E189}.Release|x64.ActiveCfg = Release|Any CPU
		{34A7C1E4-749B-4F67-AC92-2519D730E189}.Release|x64.Build.0 = Release|Any CPU
		{34A7C1E4-749B-4F67-AC92-2519D730E189}.Release|x86.ActiveCfg = Release|Any CPU
		{34A7C1E4-749B-4F67-AC92-2519D730E189}.Release|x86.Build.0 = Release|Any CPU
		{0DFEF13A-938C-4F71-A3A7-D155E95FE685}.Debug|Any CPU.ActiveCfg = Debug|Any CPU
		{0DFEF13A-938C-4F71-A3A7-D155E95FE685}.Debug|Any CPU.Build.0 = Debug|Any CPU
		{0DFEF13A-938C-4F71-A3A7-D155E95FE685}.Debug|x64.ActiveCfg = Debug|Any CPU
		{0DFEF13A-938C-4F71-A3A7-D155E95FE685}.Debug|x64.Build.0 = Debug|Any CPU
		{0DFEF13A-938C-4F71-A3A7-D155E95FE685}.Debug|x86.ActiveCfg = Debug|Any CPU
		{0DFEF13A-938C-4F71-A3A7-D155E95FE685}.Debug|x86.Build.0 = Debug|Any CPU
		{0DFEF13A-938C-4F71-A3A7-D155E95FE685}.Release|Any CPU.ActiveCfg = Release|Any CPU
		{0DFEF13A-938C-4F71-A3A7-D155E95FE685}.Release|Any CPU.Build.0 = Release|Any CPU
		{0DFEF13A-938C-4F71-A3A7-D155E95FE685}.Release|x64.ActiveCfg = Release|Any CPU
		{0DFEF13A-938C-4F71-A3A7-D155E95FE685}.Release|x64.Build.0 = Release|Any CPU
		{0DFEF13A-938C-4F71-A3A7-D155E95FE685}.Release|x86.ActiveCfg = Release|Any CPU
		{0DFEF13A-938C-4F71-A3A7-D155E95FE685}.Release|x86.Build.0 = Release|Any CPU
		{5C24DECF-9EDA-4662-9DF2-BD79267CF57D}.Debug|Any CPU.ActiveCfg = Debug|Any CPU
		{5C24DECF-9EDA-4662-9DF2-BD79267CF57D}.Debug|Any CPU.Build.0 = Debug|Any CPU
		{5C24DECF-9EDA-4662-9DF2-BD79267CF57D}.Debug|x64.ActiveCfg = Debug|x64
		{5C24DECF-9EDA-4662-9DF2-BD79267CF57D}.Debug|x64.Build.0 = Debug|x64
		{5C24DECF-9EDA-4662-9DF2-BD79267CF57D}.Debug|x86.ActiveCfg = Debug|x86
		{5C24DECF-9EDA-4662-9DF2-BD79267CF57D}.Debug|x86.Build.0 = Debug|x86
		{5C24DECF-9EDA-4662-9DF2-BD79267CF57D}.Release|Any CPU.ActiveCfg = Release|Any CPU
		{5C24DECF-9EDA-4662-9DF2-BD79267CF57D}.Release|Any CPU.Build.0 = Release|Any CPU
		{5C24DECF-9EDA-4662-9DF2-BD79267CF57D}.Release|x64.ActiveCfg = Release|x64
		{5C24DECF-9EDA-4662-9DF2-BD79267CF57D}.Release|x64.Build.0 = Release|x64
		{5C24DECF-9EDA-4662-9DF2-BD79267CF57D}.Release|x86.ActiveCfg = Release|x86
		{5C24DECF-9EDA-4662-9DF2-BD79267CF57D}.Release|x86.Build.0 = Release|x86
	EndGlobalSection
	GlobalSection(SolutionProperties) = preSolution
		HideSolutionNode = FALSE
	EndGlobalSection
	GlobalSection(ExtensibilityGlobals) = postSolution
		SolutionGuid = {1EE7788A-83FE-4DB8-B308-94042F97A9A3}
	EndGlobalSection
EndGlobal
